
Microsoft Visual Studio Solution File, Format Version 12.00
# Visual Studio Version 16
VisualStudioVersion = 16.0.31515.178
MinimumVisualStudioVersion = 10.0.40219.1
Project("{FAE04EC0-301F-11D3-BF4B-00C04F79EFBC}") = "AutoMoney", "AutoMoney\AutoMoney.csproj", "{DD774F64-1A5F-428F-A749-6DC01FBF34C8}"
EndProject
Project("{FAE04EC0-301F-11D3-BF4B-00C04F79EFBC}") = "AutoMoney.Client", "AutoMoney.Client\AutoMoney.Client.csproj", "{5B973F8D-22A4-40CA-AF9B-A44BA5936169}"
EndProject
Project("{FAE04EC0-301F-11D3-BF4B-00C04F79EFBC}") = "AutoMoney.Server", "AutoMoney.Server\AutoMoney.Server.csproj", "{DC1DAC79-AF77-4DC6-B991-E5ED46D768A7}"
EndProject
Project("{2150E333-8FDC-42A3-9474-1A3956D46DE8}") = "Solution Items", "Solution Items", "{9E3FA79B-A4BA-456A-B4A0-D4852DD7ABD3}"
	ProjectSection(SolutionItems) = preProject
		README.md = README.md
	EndProjectSection
EndProject
Global
	GlobalSection(SolutionConfigurationPlatforms) = preSolution
		Debug|Any CPU = Debug|Any CPU
		Release|Any CPU = Release|Any CPU
	EndGlobalSection
	GlobalSection(ProjectConfigurationPlatforms) = postSolution
		{DD774F64-1A5F-428F-A749-6DC01FBF34C8}.Debug|Any CPU.ActiveCfg = Debug|Any CPU
		{DD774F64-1A5F-428F-A749-6DC01FBF34C8}.Debug|Any CPU.Build.0 = Debug|Any CPU
		{DD774F64-1A5F-428F-A749-6DC01FBF34C8}.Release|Any CPU.ActiveCfg = Release|Any CPU
		{DD774F64-1A5F-428F-A749-6DC01FBF34C8}.Release|Any CPU.Build.0 = Release|Any CPU
		{5B973F8D-22A4-40CA-AF9B-A44BA5936169}.Debug|Any CPU.ActiveCfg = Debug|Any CPU
		{5B973F8D-22A4-40CA-AF9B-A44BA5936169}.Debug|Any CPU.Build.0 = Debug|Any CPU
		{5B973F8D-22A4-40CA-AF9B-A44BA5936169}.Release|Any CPU.ActiveCfg = Release|Any CPU
		{5B973F8D-22A4-40CA-AF9B-A44BA5936169}.Release|Any CPU.Build.0 = Release|Any CPU
		{DC1DAC79-AF77-4DC6-B991-E5ED46D768A7}.Debug|Any CPU.ActiveCfg = Debug|Any CPU
		{DC1DAC79-AF77-4DC6-B991-E5ED46D768A7}.Debug|Any CPU.Build.0 = Debug|Any CPU
		{DC1DAC79-AF77-4DC6-B991-E5ED46D768A7}.Release|Any CPU.ActiveCfg = Release|Any CPU
		{DC1DAC79-AF77-4DC6-B991-E5ED46D768A7}.Release|Any CPU.Build.0 = Release|Any CPU
	EndGlobalSection
	GlobalSection(SolutionProperties) = preSolution
		HideSolutionNode = FALSE
	EndGlobalSection
	GlobalSection(ExtensibilityGlobals) = postSolution
		SolutionGuid = {8DA6974C-D3AB-4F76-B4C9-98B149580EB0}
	EndGlobalSection
EndGlobal
